
Microsoft Visual Studio Solution File, Format Version 12.00
# Visual Studio Version 16
VisualStudioVersion = 16.0.30503.244
MinimumVisualStudioVersion = 10.0.40219.1
Project("{FAE04EC0-301F-11D3-BF4B-00C04F79EFBC}") = "CloudSaver", "CloudSaver.csproj", "{D814196B-9284-4519-A62A-D350BCCAE3CD}"
EndProject
Global
	GlobalSection(SolutionConfigurationPlatforms) = preSolution
		Debug|Any CPU = Debug|Any CPU
		Release|Any CPU = Release|Any CPU
	EndGlobalSection
	GlobalSection(ProjectConfigurationPlatforms) = postSolution
		{D814196B-9284-4519-A62A-D350BCCAE3CD}.Debug|Any CPU.ActiveCfg = Debug|Any CPU
		{D814196B-9284-4519-A62A-D350BCCAE3CD}.Debug|Any CPU.Build.0 = Debug|Any CPU
		{D814196B-9284-4519-A62A-D350BCCAE3CD}.Release|Any CPU.ActiveCfg = Release|Any CPU
		{D814196B-9284-4519-A62A-D350BCCAE3CD}.Release|Any CPU.Build.0 = Release|Any CPU
	EndGlobalSection
	GlobalSection(SolutionProperties) = preSolution
		HideSolutionNode = FALSE
	EndGlobalSection
	GlobalSection(ExtensibilityGlobals) = postSolution
		SolutionGuid = {CF7A023A-41C7-4CEF-B1D0-7DEC76F9B9C8}
	EndGlobalSection
EndGlobal
